
Microsoft Visual Studio Solution File, Format Version 12.00
# Visual Studio Version 17
VisualStudioVersion = 17.5.33424.131
MinimumVisualStudioVersion = 10.0.40219.1
Project("{9A19103F-16F7-4668-BE54-9A1E7A4F7556}") = "CCM.TesteAcesso.API", "CCM.TesteAcesso.API\CCM.TesteAcesso.API.csproj", "{E37658CB-6ACD-40CA-8F5A-C13316AC5B3D}"
EndProject
Project("{9A19103F-16F7-4668-BE54-9A1E7A4F7556}") = "CCM.TesteAcesso.Application", "CCM.TesteAcesso.Application\CCM.TesteAcesso.Application.csproj", "{46073DCB-470A-4EC0-B6B5-F589A9E906E1}"
EndProject
Project("{9A19103F-16F7-4668-BE54-9A1E7A4F7556}") = "CCM.TesteAcesso.Domain", "CCM.TesteAcesso.Domain\CCM.TesteAcesso.Domain.csproj", "{3B5CBD33-3594-4BE7-9591-FAE4F0C9AA6A}"
EndProject
Project("{9A19103F-16F7-4668-BE54-9A1E7A4F7556}") = "CCM.TesteAcesso.Infra", "CCM.TesteAcesso.Infra\CCM.TesteAcesso.Infra.csproj", "{2985E39F-F541-4FCC-997A-5099064D587A}"
EndProject
Global
	GlobalSection(SolutionConfigurationPlatforms) = preSolution
		Debug|Any CPU = Debug|Any CPU
		Release|Any CPU = Release|Any CPU
	EndGlobalSection
	GlobalSection(ProjectConfigurationPlatforms) = postSolution
		{E37658CB-6ACD-40CA-8F5A-C13316AC5B3D}.Debug|Any CPU.ActiveCfg = Debug|Any CPU
		{E37658CB-6ACD-40CA-8F5A-C13316AC5B3D}.Debug|Any CPU.Build.0 = Debug|Any CPU
		{E37658CB-6ACD-40CA-8F5A-C13316AC5B3D}.Release|Any CPU.ActiveCfg = Release|Any CPU
		{E37658CB-6ACD-40CA-8F5A-C13316AC5B3D}.Release|Any CPU.Build.0 = Release|Any CPU
		{46073DCB-470A-4EC0-B6B5-F589A9E906E1}.Debug|Any CPU.ActiveCfg = Debug|Any CPU
		{46073DCB-470A-4EC0-B6B5-F589A9E906E1}.Debug|Any CPU.Build.0 = Debug|Any CPU
		{46073DCB-470A-4EC0-B6B5-F589A9E906E1}.Release|Any CPU.ActiveCfg = Release|Any CPU
		{46073DCB-470A-4EC0-B6B5-F589A9E906E1}.Release|Any CPU.Build.0 = Release|Any CPU
		{3B5CBD33-3594-4BE7-9591-FAE4F0C9AA6A}.Debug|Any CPU.ActiveCfg = Debug|Any CPU
		{3B5CBD33-3594-4BE7-9591-FAE4F0C9AA6A}.Debug|Any CPU.Build.0 = Debug|Any CPU
		{3B5CBD33-3594-4BE7-9591-FAE4F0C9AA6A}.Release|Any CPU.ActiveCfg = Release|Any CPU
		{3B5CBD33-3594-4BE7-9591-FAE4F0C9AA6A}.Release|Any CPU.Build.0 = Release|Any CPU
		{2985E39F-F541-4FCC-997A-5099064D587A}.Debug|Any CPU.ActiveCfg = Debug|Any CPU
		{2985E39F-F541-4FCC-997A-5099064D587A}.Debug|Any CPU.Build.0 = Debug|Any CPU
		{2985E39F-F541-4FCC-997A-5099064D587A}.Release|Any CPU.ActiveCfg = Release|Any CPU
		{2985E39F-F541-4FCC-997A-5099064D587A}.Release|Any CPU.Build.0 = Release|Any CPU
	EndGlobalSection
	GlobalSection(SolutionProperties) = preSolution
		HideSolutionNode = FALSE
	EndGlobalSection
	GlobalSection(ExtensibilityGlobals) = postSolution
		SolutionGuid = {8D97FE4F-AD2C-4786-8654-75C3ACE095E8}
	EndGlobalSection
EndGlobal
